
Microsoft Visual Studio Solution File, Format Version 12.00
# Visual Studio Version 16
VisualStudioVersion = 16.0.29613.14
MinimumVisualStudioVersion = 10.0.40219.1
Project("{FAE04EC0-301F-11D3-BF4B-00C04F79EFBC}") = "MonitoringStore", "MonitoringStore\MonitoringStore.csproj", "{CA78D5D2-8019-42E8-A34C-1856DBBDA095}"
EndProject
Global
	GlobalSection(SolutionConfigurationPlatforms) = preSolution
		Debug|Any CPU = Debug|Any CPU
		Release|Any CPU = Release|Any CPU
	EndGlobalSection
	GlobalSection(ProjectConfigurationPlatforms) = postSolution
		{CA78D5D2-8019-42E8-A34C-1856DBBDA095}.Debug|Any CPU.ActiveCfg = Debug|Any CPU
		{CA78D5D2-8019-42E8-A34C-1856DBBDA095}.Debug|Any CPU.Build.0 = Debug|Any CPU
		{CA78D5D2-8019-42E8-A34C-1856DBBDA095}.Release|Any CPU.ActiveCfg = Release|Any CPU
		{CA78D5D2-8019-42E8-A34C-1856DBBDA095}.Release|Any CPU.Build.0 = Release|Any CPU
	EndGlobalSection
	GlobalSection(SolutionProperties) = preSolution
		HideSolutionNode = FALSE
	EndGlobalSection
	GlobalSection(ExtensibilityGlobals) = postSolution
		SolutionGuid = {6383B877-7520-4CC5-846A-94D9BE4FA563}
	EndGlobalSection
EndGlobal
